
Microsoft Visual Studio Solution File, Format Version 12.00
# Visual Studio 15
VisualStudioVersion = 15.0.28307.168
MinimumVisualStudioVersion = 10.0.40219.1
Project("{FAE04EC0-301F-11D3-BF4B-00C04F79EFBC}") = "practicalWork-2", "practicalWork-2\practicalWork-2.csproj", "{410A6BA8-23FD-4F0C-9B85-6104E0F5E42B}"
EndProject
Global
	GlobalSection(SolutionConfigurationPlatforms) = preSolution
		Debug|Any CPU = Debug|Any CPU
		Release|Any CPU = Release|Any CPU
	EndGlobalSection
	GlobalSection(ProjectConfigurationPlatforms) = postSolution
		{410A6BA8-23FD-4F0C-9B85-6104E0F5E42B}.Debug|Any CPU.ActiveCfg = Debug|Any CPU
		{410A6BA8-23FD-4F0C-9B85-6104E0F5E42B}.Debug|Any CPU.Build.0 = Debug|Any CPU
		{410A6BA8-23FD-4F0C-9B85-6104E0F5E42B}.Release|Any CPU.ActiveCfg = Release|Any CPU
		{410A6BA8-23FD-4F0C-9B85-6104E0F5E42B}.Release|Any CPU.Build.0 = Release|Any CPU
	EndGlobalSection
	GlobalSection(SolutionProperties) = preSolution
		HideSolutionNode = FALSE
	EndGlobalSection
	GlobalSection(ExtensibilityGlobals) = postSolution
		SolutionGuid = {0A68E90E-0AFA-45A1-BCF5-E0A40F1C02BF}
	EndGlobalSection
EndGlobal
